
Microsoft Visual Studio Solution File, Format Version 12.00
# Visual Studio Version 17
VisualStudioVersion = 17.11.35219.272
MinimumVisualStudioVersion = 10.0.40219.1
Project("{FAE04EC0-301F-11D3-BF4B-00C04F79EFBC}") = "TextBeltTestApp", "TextBeltTestApp.csproj", "{1A4467AE-3C35-4E30-B0FD-CAD078C6FDD9}"
EndProject
Global
	GlobalSection(SolutionConfigurationPlatforms) = preSolution
		Debug|Any CPU = Debug|Any CPU
		Release|Any CPU = Release|Any CPU
	EndGlobalSection
	GlobalSection(ProjectConfigurationPlatforms) = postSolution
		{1A4467AE-3C35-4E30-B0FD-CAD078C6FDD9}.Debug|Any CPU.ActiveCfg = Debug|Any CPU
		{1A4467AE-3C35-4E30-B0FD-CAD078C6FDD9}.Debug|Any CPU.Build.0 = Debug|Any CPU
		{1A4467AE-3C35-4E30-B0FD-CAD078C6FDD9}.Release|Any CPU.ActiveCfg = Release|Any CPU
		{1A4467AE-3C35-4E30-B0FD-CAD078C6FDD9}.Release|Any CPU.Build.0 = Release|Any CPU
	EndGlobalSection
	GlobalSection(SolutionProperties) = preSolution
		HideSolutionNode = FALSE
	EndGlobalSection
	GlobalSection(ExtensibilityGlobals) = postSolution
		SolutionGuid = {1F5E1913-5750-4B69-BA3B-537215952155}
	EndGlobalSection
EndGlobal
